
Microsoft Visual Studio Solution File, Format Version 12.00
Project("{FAE04EC0-301F-11D3-BF4B-00C04F79EFBC}") = "Hatchet", "src\Hatchet\Hatchet.csproj", "{240A4621-BB95-4C51-A68F-19E31437C928}"
EndProject
Project("{FAE04EC0-301F-11D3-BF4B-00C04F79EFBC}") = "Hatchet.Tests", "tests\Hatchet.Tests\Hatchet.Tests.csproj", "{EFE62AD4-55E3-4AC2-9C10-5701A83CEDBD}"
EndProject
Global
	GlobalSection(SolutionConfigurationPlatforms) = preSolution
		Debug|Any CPU = Debug|Any CPU
		Release|Any CPU = Release|Any CPU
	EndGlobalSection
	GlobalSection(ProjectConfigurationPlatforms) = postSolution
		{240A4621-BB95-4C51-A68F-19E31437C928}.Debug|Any CPU.ActiveCfg = Debug|Any CPU
		{240A4621-BB95-4C51-A68F-19E31437C928}.Debug|Any CPU.Build.0 = Debug|Any CPU
		{240A4621-BB95-4C51-A68F-19E31437C928}.Release|Any CPU.ActiveCfg = Release|Any CPU
		{240A4621-BB95-4C51-A68F-19E31437C928}.Release|Any CPU.Build.0 = Release|Any CPU
		{EFE62AD4-55E3-4AC2-9C10-5701A83CEDBD}.Debug|Any CPU.ActiveCfg = Debug|Any CPU
		{EFE62AD4-55E3-4AC2-9C10-5701A83CEDBD}.Debug|Any CPU.Build.0 = Debug|Any CPU
		{EFE62AD4-55E3-4AC2-9C10-5701A83CEDBD}.Release|Any CPU.ActiveCfg = Release|Any CPU
		{EFE62AD4-55E3-4AC2-9C10-5701A83CEDBD}.Release|Any CPU.Build.0 = Release|Any CPU
	EndGlobalSection
EndGlobal
